{
  "name": "rfox",
  "version": "0.0.1",
  "lockfileVersion": 1,
  "dependencies": {
    "ansi-styles": {
      "version": "3.2.1",
      "resolved": "http://registry.npm.sdp.nd/ansi-styles/download/ansi-styles-3.2.1.tgz",
      "integrity": "sha1-QfuyAkPlCxK+DwS43tvwdSDOhB0=",
      "dev": true
    },
    "arr-diff": {
      "version": "4.0.0",
      "resolved": "http://registry.npm.sdp.nd/arr-diff/download/arr-diff-4.0.0.tgz",
      "integrity": "sha1-1kYQdP6/7HHn4VI1dhoyml3HxSA=",
      "dev": true
    },
    "arr-flatten": {
      "version": "1.1.0",
      "resolved": "http://registry.npm.sdp.nd/arr-flatten/download/arr-flatten-1.1.0.tgz",
      "integrity": "sha1-NgSLv/TntH4TZkQxbJlmnqWukfE=",
      "dev": true
    },
    "arr-union": {
      "version": "3.1.0",
      "resolved": "http://registry.npm.sdp.nd/arr-union/download/arr-union-3.1.0.tgz",
      "integrity": "sha1-45sJrqne+Gao8gbiiK9jkZuuOcQ=",
      "dev": true
    },
    "array-unique": {
      "version": "0.3.2",
      "resolved": "http://registry.npm.sdp.nd/array-unique/download/array-unique-0.3.2.tgz",
      "integrity": "sha1-qJS3XUvE9s1nnvMkSp/Y9Gri1Cg=",
      "dev": true
    },
    "assign-symbols": {
      "version": "1.0.0",
      "resolved": "http://registry.npm.sdp.nd/assign-symbols/download/assign-symbols-1.0.0.tgz",
      "integrity": "sha1-WWZ/QfrdTyDMvCu5a41Pf3jsA2c=",
      "dev": true
    },
    "atob": {
      "version": "2.1.2",
      "resolved": "http://registry.npm.sdp.nd/atob/download/atob-2.1.2.tgz",
      "integrity": "sha1-bZUX654DDSQ2ZmZR6GvZ9vE1M8k=",
      "dev": true
    },
    "awesome-typescript-loader": {
      "version": "5.2.1",
      "resolved": "http://registry.npm.sdp.nd/awesome-typescript-loader/download/awesome-typescript-loader-5.2.1.tgz",
      "integrity": "sha1-pB2veEdRX0klzbqjB11h8onpE/w=",
      "dev": true
    },
    "base": {
      "version": "0.11.2",
      "resolved": "http://registry.npm.sdp.nd/base/download/base-0.11.2.tgz",
      "integrity": "sha1-e95c7RRbbVUakNuH+DxVi060io8=",
      "dev": true,
      "dependencies": {
        "define-property": {
          "version": "1.0.0",
          "resolved": "http://registry.npm.sdp.nd/define-property/download/define-property-1.0.0.tgz",
          "integrity": "sha1-dp66rz9KY6rTr56NMEybvnm/sOY=",
          "dev": true
        },
        "is-accessor-descriptor": {
          "version": "1.0.0",
          "resolved": "http://registry.npm.sdp.nd/is-accessor-descriptor/download/is-accessor-descriptor-1.0.0.tgz",
          "integrity": "sha1-FpwvbT3x+ZJhgHI2XJsOofaHhlY=",
          "dev": true
        },
        "is-data-descriptor": {
          "version": "1.0.0",
          "resolved": "http://registry.npm.sdp.nd/is-data-descriptor/download/is-data-descriptor-1.0.0.tgz",
          "integrity": "sha1-2Eh2Mh0Oet0DmQQGq7u9NrqSaMc=",
          "dev": true
        },
        "is-descriptor": {
          "version": "1.0.2",
          "resolved": "http://registry.npm.sdp.nd/is-descriptor/download/is-descriptor-1.0.2.tgz",
          "integrity": "sha1-OxWXRqZmBLBPjIFSS6NlxfFNhuw=",
          "dev": true
        }
      }
    },
    "big.js": {
      "version": "3.2.0",
      "resolved": "http://registry.npm.sdp.nd/big.js/download/big.js-3.2.0.tgz",
      "integrity": "sha1-pfwpi4G54Nyi5FiCR4S2XFK6WI4=",
      "dev": true
    },
    "braces": {
      "version": "2.3.2",
      "resolved": "http://registry.npm.sdp.nd/braces/download/braces-2.3.2.tgz",
      "integrity": "sha1-WXn9PxTNUxVl5fot8av/8d+u5yk=",
      "dev": true,
      "dependencies": {
        "extend-shallow": {
          "version": "2.0.1",
          "resolved": "http://registry.npm.sdp.nd/extend-shallow/download/extend-shallow-2.0.1.tgz",
          "integrity": "sha1-Ua99YUrZqfYQ6huvu5idaxxWiQ8=",
          "dev": true
        }
      }
    },
    "buffer-from": {
      "version": "1.1.1",
      "resolved": "http://registry.npm.sdp.nd/buffer-from/download/buffer-from-1.1.1.tgz",
      "integrity": "sha1-MnE7wCj3XAL9txDXx7zsHyxgcO8=",
      "dev": true
    },
    "cache-base": {
      "version": "1.0.1",
      "resolved": "http://registry.npm.sdp.nd/cache-base/download/cache-base-1.0.1.tgz",
      "integrity": "sha1-Cn9GQWgxyLZi7jb+TnxZ129marI=",
      "dev": true
    },
    "chalk": {
      "version": "2.4.1",
      "resolved": "http://registry.npm.sdp.nd/chalk/download/chalk-2.4.1.tgz",
      "integrity": "sha1-GMSasWoDe26wFSzIPjRxM4IVtm4=",
      "dev": true
    },
    "class-utils": {
      "version": "0.3.6",
      "resolved": "http://registry.npm.sdp.nd/class-utils/download/class-utils-0.3.6.tgz",
      "integrity": "sha1-+TNprouafOAv1B+q0MqDAzGQxGM=",
      "dev": true,
      "dependencies": {
        "define-property": {
          "version": "0.2.5",
          "resolved": "http://registry.npm.sdp.nd/define-property/download/define-property-0.2.5.tgz",
          "integrity": "sha1-w1se+RjsPJkPmlvFe+BKrOxcgRY=",
          "dev": true
        }
      }
    },
    "classnames": {
      "version": "2.2.6",
      "resolved": "http://registry.npm.sdp.nd/classnames/download/classnames-2.2.6.tgz",
      "integrity": "sha1-Q5Nb/90pHzJtrQogUwmzjQD2UM4="
    },
    "collection-visit": {
      "version": "1.0.0",
      "resolved": "http://registry.npm.sdp.nd/collection-visit/download/collection-visit-1.0.0.tgz",
      "integrity": "sha1-S8A3PBZLwykbTTaMgpzxqApZ3KA=",
      "dev": true
    },
    "color-convert": {
      "version": "1.9.3",
      "resolved": "http://registry.npm.sdp.nd/color-convert/download/color-convert-1.9.3.tgz",
      "integrity": "sha1-u3GFBpDh8TZWfeYp0tVHHe2kweg=",
      "dev": true
    },
    "color-name": {
      "version": "1.1.3",
      "resolved": "http://registry.npm.sdp.nd/color-name/download/color-name-1.1.3.tgz",
      "integrity": "sha1-p9BVi9icQveV3UIyj3QIMcpTvCU=",
      "dev": true
    },
    "component-emitter": {
      "version": "1.2.1",
      "resolved": "http://registry.npm.sdp.nd/component-emitter/download/component-emitter-1.2.1.tgz",
      "integrity": "sha1-E3kY1teCg/ffemt8WmPhQOaUJeY=",
      "dev": true
    },
    "copy-descriptor": {
      "version": "0.1.1",
      "resolved": "http://registry.npm.sdp.nd/copy-descriptor/download/copy-descriptor-0.1.1.tgz",
      "integrity": "sha1-Z29us8OZl8LuGsOpJP1hJHSPV40=",
      "dev": true
    },
    "core-util-is": {
      "version": "1.0.2",
      "resolved": "http://registry.npm.sdp.nd/core-util-is/download/core-util-is-1.0.2.tgz",
      "integrity": "sha1-tf1UIgqivFq1eqtxQMlAdUUDwac=",
      "dev": true
    },
    "d": {
      "version": "1.0.0",
      "resolved": "http://registry.npm.sdp.nd/d/download/d-1.0.0.tgz",
      "integrity": "sha1-dUu1v+VUUdpppYuU1F9MWwRi1Y8=",
      "dev": true
    },
    "debug": {
      "version": "2.6.9",
      "resolved": "http://registry.npm.sdp.nd/debug/download/debug-2.6.9.tgz",
      "integrity": "sha1-XRKFFd8TT/Mn6QpMk/Tgd6U2NB8=",
      "dev": true
    },
    "decode-uri-component": {
      "version": "0.2.0",
      "resolved": "http://registry.npm.sdp.nd/decode-uri-component/download/decode-uri-component-0.2.0.tgz",
      "integrity": "sha1-6zkTMzRYd1y4TNGh+uBiEGu4dUU=",
      "dev": true
    },
    "define-properties": {
      "version": "1.1.3",
      "resolved": "http://registry.npm.sdp.nd/define-properties/download/define-properties-1.1.3.tgz",
      "integrity": "sha1-z4jabL7ib+bbcJT2HYcMvYTO6fE=",
      "dev": true
    },
    "define-property": {
      "version": "2.0.2",
      "resolved": "http://registry.npm.sdp.nd/define-property/download/define-property-2.0.2.tgz",
      "integrity": "sha1-1Flono1lS6d+AqgX+HENcCyxbp0=",
      "dev": true,
      "dependencies": {
        "is-accessor-descriptor": {
          "version": "1.0.0",
          "resolved": "http://registry.npm.sdp.nd/is-accessor-descriptor/download/is-accessor-descriptor-1.0.0.tgz",
          "integrity": "sha1-FpwvbT3x+ZJhgHI2XJsOofaHhlY=",
          "dev": true
        },
        "is-data-descriptor": {
          "version": "1.0.0",
          "resolved": "http://registry.npm.sdp.nd/is-data-descriptor/download/is-data-descriptor-1.0.0.tgz",
          "integrity": "sha1-2Eh2Mh0Oet0DmQQGq7u9NrqSaMc=",
          "dev": true
        },
        "is-descriptor": {
          "version": "1.0.2",
          "resolved": "http://registry.npm.sdp.nd/is-descriptor/download/is-descriptor-1.0.2.tgz",
          "integrity": "sha1-OxWXRqZmBLBPjIFSS6NlxfFNhuw=",
          "dev": true
        }
      }
    },
    "emojis-list": {
      "version": "2.1.0",
      "resolved": "http://registry.npm.sdp.nd/emojis-list/download/emojis-list-2.1.0.tgz",
      "integrity": "sha1-TapNnbAPmBmIDHn6RXrlsJof04k=",
      "dev": true
    },
    "enhanced-resolve": {
      "version": "4.1.0",
      "resolved": "http://registry.npm.sdp.nd/enhanced-resolve/download/enhanced-resolve-4.1.0.tgz",
      "integrity": "sha1-Qcfgv9/nSsH/4eV61qXGyfN0Kn8=",
      "dev": true
    },
    "errno": {
      "version": "0.1.7",
      "resolved": "http://registry.npm.sdp.nd/errno/download/errno-0.1.7.tgz",
      "integrity": "sha1-RoTXF3mtOa8Xfj8AeZb3xnyFJhg=",
      "dev": true
    },
    "es5-ext": {
      "version": "0.10.46",
      "resolved": "http://registry.npm.sdp.nd/es5-ext/download/es5-ext-0.10.46.tgz",
      "integrity": "sha1-79mfZ8Wn7Hibqj2qf3mHA4j39XI=",
      "dev": true
    },
    "es6-iterator": {
      "version": "2.0.3",
      "resolved": "http://registry.npm.sdp.nd/es6-iterator/download/es6-iterator-2.0.3.tgz",
      "integrity": "sha1-p96IkUGgWpSwhUQDstCg+/qY87c=",
      "dev": true
    },
    "es6-symbol": {
      "version": "3.1.1",
      "resolved": "http://registry.npm.sdp.nd/es6-symbol/download/es6-symbol-3.1.1.tgz",
      "integrity": "sha1-vwDvT9q2uhtG7Le2KbTH7VcVzHc=",
      "dev": true
    },
    "escape-string-regexp": {
      "version": "1.0.5",
      "resolved": "http://registry.npm.sdp.nd/escape-string-regexp/download/escape-string-regexp-1.0.5.tgz",
      "integrity": "sha1-G2HAViGQqN/2rjuyzwIAyhMLhtQ=",
      "dev": true
    },
    "expand-brackets": {
      "version": "2.1.4",
      "resolved": "http://registry.npm.sdp.nd/expand-brackets/download/expand-brackets-2.1.4.tgz",
      "integrity": "sha1-t3c14xXOMPa27/D4OwQVGiJEliI=",
      "dev": true,
      "dependencies": {
        "define-property": {
          "version": "0.2.5",
          "resolved": "http://registry.npm.sdp.nd/define-property/download/define-property-0.2.5.tgz",
          "integrity": "sha1-w1se+RjsPJkPmlvFe+BKrOxcgRY=",
          "dev": true
        },
        "extend-shallow": {
          "version": "2.0.1",
          "resolved": "http://registry.npm.sdp.nd/extend-shallow/download/extend-shallow-2.0.1.tgz",
          "integrity": "sha1-Ua99YUrZqfYQ6huvu5idaxxWiQ8=",
          "dev": true
        }
      }
    },
    "extend-shallow": {
      "version": "3.0.2",
      "resolved": "http://registry.npm.sdp.nd/extend-shallow/download/extend-shallow-3.0.2.tgz",
      "integrity": "sha1-Jqcarwc7OfshJxcnRhMcJwQCjbg=",
      "dev": true,
      "dependencies": {
        "is-extendable": {
          "version": "1.0.1",
          "resolved": "http://registry.npm.sdp.nd/is-extendable/download/is-extendable-1.0.1.tgz",
          "integrity": "sha1-p0cPnkJnM9gb2B4RVSZOOjUHyrQ=",
          "dev": true
        }
      }
    },
    "extglob": {
      "version": "2.0.4",
      "resolved": "http://registry.npm.sdp.nd/extglob/download/extglob-2.0.4.tgz",
      "integrity": "sha1-rQD+TcYSqSMuhxhxHcXLWrAoVUM=",
      "dev": true,
      "dependencies": {
        "define-property": {
          "version": "1.0.0",
          "resolved": "http://registry.npm.sdp.nd/define-property/download/define-property-1.0.0.tgz",
          "integrity": "sha1-dp66rz9KY6rTr56NMEybvnm/sOY=",
          "dev": true
        },
        "extend-shallow": {
          "version": "2.0.1",
          "resolved": "http://registry.npm.sdp.nd/extend-shallow/download/extend-shallow-2.0.1.tgz",
          "integrity": "sha1-Ua99YUrZqfYQ6huvu5idaxxWiQ8=",
          "dev": true
        },
        "is-accessor-descriptor": {
          "version": "1.0.0",
          "resolved": "http://registry.npm.sdp.nd/is-accessor-descriptor/download/is-accessor-descriptor-1.0.0.tgz",
          "integrity": "sha1-FpwvbT3x+ZJhgHI2XJsOofaHhlY=",
          "dev": true
        },
        "is-data-descriptor": {
          "version": "1.0.0",
          "resolved": "http://registry.npm.sdp.nd/is-data-descriptor/download/is-data-descriptor-1.0.0.tgz",
          "integrity": "sha1-2Eh2Mh0Oet0DmQQGq7u9NrqSaMc=",
          "dev": true
        },
        "is-descriptor": {
          "version": "1.0.2",
          "resolved": "http://registry.npm.sdp.nd/is-descriptor/download/is-descriptor-1.0.2.tgz",
          "integrity": "sha1-OxWXRqZmBLBPjIFSS6NlxfFNhuw=",
          "dev": true
        }
      }
    },
    "fill-range": {
      "version": "4.0.0",
      "resolved": "http://registry.npm.sdp.nd/fill-range/download/fill-range-4.0.0.tgz",
      "integrity": "sha1-1USBHUKPmOsGpj3EAtJAPDKMOPc=",
      "dev": true,
      "dependencies": {
        "extend-shallow": {
          "version": "2.0.1",
          "resolved": "http://registry.npm.sdp.nd/extend-shallow/download/extend-shallow-2.0.1.tgz",
          "integrity": "sha1-Ua99YUrZqfYQ6huvu5idaxxWiQ8=",
          "dev": true
        }
      }
    },
    "for-in": {
      "version": "1.0.2",
      "resolved": "http://registry.npm.sdp.nd/for-in/download/for-in-1.0.2.tgz",
      "integrity": "sha1-gQaNKVqBQuwKxybG4iAMMPttXoA=",
      "dev": true
    },
    "fragment-cache": {
      "version": "0.2.1",
      "resolved": "http://registry.npm.sdp.nd/fragment-cache/download/fragment-cache-0.2.1.tgz",
      "integrity": "sha1-QpD60n8T6Jvn8zeZxrxaCr//DRk=",
      "dev": true
    },
    "function-bind": {
      "version": "1.1.1",
      "resolved": "http://registry.npm.sdp.nd/function-bind/download/function-bind-1.1.1.tgz",
      "integrity": "sha1-pWiZ0+o8m6uHS7l3O3xe3pL0iV0=",
      "dev": true
    },
    "get-value": {
      "version": "2.0.6",
      "resolved": "http://registry.npm.sdp.nd/get-value/download/get-value-2.0.6.tgz",
      "integrity": "sha1-3BXKHGcjh8p2vTesCjlbogQqLCg=",
      "dev": true
    },
    "graceful-fs": {
      "version": "4.1.15",
      "resolved": "http://registry.npm.sdp.nd/graceful-fs/download/graceful-fs-4.1.15.tgz",
      "integrity": "sha1-/7cD4QZuig7qpMi4C6klPu77+wA=",
      "dev": true
    },
    "has-flag": {
      "version": "3.0.0",
      "resolved": "http://registry.npm.sdp.nd/has-flag/download/has-flag-3.0.0.tgz",
      "integrity": "sha1-tdRU3CGZriJWmfNGfloH87lVuv0=",
      "dev": true
    },
    "has-symbols": {
      "version": "1.0.0",
      "resolved": "http://registry.npm.sdp.nd/has-symbols/download/has-symbols-1.0.0.tgz",
      "integrity": "sha1-uhqPGvKg/DllD1yFA2dwQSIGO0Q=",
      "dev": true
    },
    "has-value": {
      "version": "1.0.0",
      "resolved": "http://registry.npm.sdp.nd/has-value/download/has-value-1.0.0.tgz",
      "integrity": "sha1-GLKB2lhbHFxR3vJMkw7SmgvmsXc=",
      "dev": true
    },
    "has-values": {
      "version": "1.0.0",
      "resolved": "http://registry.npm.sdp.nd/has-values/download/has-values-1.0.0.tgz",
      "integrity": "sha1-lbC2P+whRmGab+V/51Yo1aOe/k8=",
      "dev": true,
      "dependencies": {
        "kind-of": {
          "version": "4.0.0",
          "resolved": "http://registry.npm.sdp.nd/kind-of/download/kind-of-4.0.0.tgz",
          "integrity": "sha1-IIE989cSkosgc3hpGkUGb65y3Vc=",
          "dev": true
        }
      }
    },
    "inherits": {
      "version": "2.0.3",
      "resolved": "http://registry.npm.sdp.nd/inherits/download/inherits-2.0.3.tgz",
      "integrity": "sha1-Yzwsg+PaQqUC9SRmAiSA9CCCYd4=",
      "dev": true
    },
    "is-accessor-descriptor": {
      "version": "0.1.6",
      "resolved": "http://registry.npm.sdp.nd/is-accessor-descriptor/download/is-accessor-descriptor-0.1.6.tgz",
      "integrity": "sha1-qeEss66Nh2cn7u84Q/igiXtcmNY=",
      "dev": true,
      "dependencies": {
        "kind-of": {
          "version": "3.2.2",
          "resolved": "http://registry.npm.sdp.nd/kind-of/download/kind-of-3.2.2.tgz",
          "integrity": "sha1-MeohpzS6ubuw8yRm2JOupR5KPGQ=",
          "dev": true
        }
      }
    },
    "is-buffer": {
      "version": "1.1.6",
      "resolved": "http://registry.npm.sdp.nd/is-buffer/download/is-buffer-1.1.6.tgz",
      "integrity": "sha1-76ouqdqg16suoTqXsritUf776L4=",
      "dev": true
    },
    "is-data-descriptor": {
      "version": "0.1.4",
      "resolved": "http://registry.npm.sdp.nd/is-data-descriptor/download/is-data-descriptor-0.1.4.tgz",
      "integrity": "sha1-C17mSDiOLIYCgueT8YVv7D8wG1Y=",
      "dev": true,
      "dependencies": {
        "kind-of": {
          "version": "3.2.2",
          "resolved": "http://registry.npm.sdp.nd/kind-of/download/kind-of-3.2.2.tgz",
          "integrity": "sha1-MeohpzS6ubuw8yRm2JOupR5KPGQ=",
          "dev": true
        }
      }
    },
    "is-descriptor": {
      "version": "0.1.6",
      "resolved": "http://registry.npm.sdp.nd/is-descriptor/download/is-descriptor-0.1.6.tgz",
      "integrity": "sha1-Nm2CQN3kh8pRgjsaufB6EKeCUco=",
      "dev": true,
      "dependencies": {
        "kind-of": {
          "version": "5.1.0",
          "resolved": "http://registry.npm.sdp.nd/kind-of/download/kind-of-5.1.0.tgz",
          "integrity": "sha1-cpyR4thXt6QZofmqZWhcTDP1hF0=",
          "dev": true
        }
      }
    },
    "is-extendable": {
      "version": "0.1.1",
      "resolved": "http://registry.npm.sdp.nd/is-extendable/download/is-extendable-0.1.1.tgz",
      "integrity": "sha1-YrEQ4omkcUGOPsNqYX1HLjAd/Ik=",
      "dev": true
    },
    "is-number": {
      "version": "3.0.0",
      "resolved": "http://registry.npm.sdp.nd/is-number/download/is-number-3.0.0.tgz",
      "integrity": "sha1-JP1iAaR4LPUFYcgQJ2r8fRLXEZU=",
      "dev": true,
      "dependencies": {
        "kind-of": {
          "version": "3.2.2",
          "resolved": "http://registry.npm.sdp.nd/kind-of/download/kind-of-3.2.2.tgz",
          "integrity": "sha1-MeohpzS6ubuw8yRm2JOupR5KPGQ=",
          "dev": true
        }
      }
    },
    "is-plain-object": {
      "version": "2.0.4",
      "resolved": "http://registry.npm.sdp.nd/is-plain-object/download/is-plain-object-2.0.4.tgz",
      "integrity": "sha1-LBY7P6+xtgbZ0Xko8FwqHDjgdnc=",
      "dev": true
    },
    "is-windows": {
      "version": "1.0.2",
      "resolved": "http://registry.npm.sdp.nd/is-windows/download/is-windows-1.0.2.tgz",
      "integrity": "sha1-0YUOuXkezRjmGCzhKjDzlmNLsZ0=",
      "dev": true
    },
    "isarray": {
      "version": "1.0.0",
      "resolved": "http://registry.npm.sdp.nd/isarray/download/isarray-1.0.0.tgz",
      "integrity": "sha1-u5NdSFgsuhaMBoNJV6VKPgcSTxE=",
      "dev": true
    },
    "isobject": {
      "version": "3.0.1",
      "resolved": "http://registry.npm.sdp.nd/isobject/download/isobject-3.0.1.tgz",
      "integrity": "sha1-TkMekrEalzFjaqH5yNHMvP2reN8=",
      "dev": true
    },
    "json5": {
      "version": "0.5.1",
      "resolved": "http://registry.npm.sdp.nd/json5/download/json5-0.5.1.tgz",
      "integrity": "sha1-Hq3nrMASA0rYTiOWdn6tn6VJWCE=",
      "dev": true
    },
    "kind-of": {
      "version": "6.0.2",
      "resolved": "http://registry.npm.sdp.nd/kind-of/download/kind-of-6.0.2.tgz",
      "integrity": "sha1-ARRrNqYhjmTljzqNZt5df8b20FE=",
      "dev": true
    },
    "loader-utils": {
      "version": "1.1.0",
      "resolved": "http://registry.npm.sdp.nd/loader-utils/download/loader-utils-1.1.0.tgz",
      "integrity": "sha1-yYrvSIvM7aL/teLeZG1qdUQp9c0=",
      "dev": true
    },
    "lodash": {
      "version": "4.17.11",
      "resolved": "http://registry.npm.sdp.nd/lodash/download/lodash-4.17.11.tgz",
      "integrity": "sha1-s56mIp72B+zYniyN8SU2iRysm40=",
      "dev": true
    },
    "log-symbols": {
      "version": "2.2.0",
      "resolved": "http://registry.npm.sdp.nd/log-symbols/download/log-symbols-2.2.0.tgz",
      "integrity": "sha1-V0Dhxdbw39pK2TI7UzIQfva0xAo=",
      "dev": true
    },
    "loglevelnext": {
      "version": "1.0.5",
      "resolved": "http://registry.npm.sdp.nd/loglevelnext/download/loglevelnext-1.0.5.tgz",
      "integrity": "sha1-NvxPWZbWZA9Tn/IDuoGWQWgNdaI=",
      "dev": true
    },
    "map-cache": {
      "version": "0.2.2",
      "resolved": "http://registry.npm.sdp.nd/map-cache/download/map-cache-0.2.2.tgz",
      "integrity": "sha1-wyq9C9ZSXZsFFkW7TyasXcmKDb8=",
      "dev": true
    },
    "map-visit": {
      "version": "1.0.0",
      "resolved": "http://registry.npm.sdp.nd/map-visit/download/map-visit-1.0.0.tgz",
      "integrity": "sha1-7Nyo8TFE5mDxtb1B8S80edmN+48=",
      "dev": true
    },
    "memory-fs": {
      "version": "0.4.1",
      "resolved": "http://registry.npm.sdp.nd/memory-fs/download/memory-fs-0.4.1.tgz",
      "integrity": "sha1-OpoguEYlI+RHz7x+i7gO1me/xVI=",
      "dev": true
    },
    "micromatch": {
      "version": "3.1.10",
      "resolved": "http://registry.npm.sdp.nd/micromatch/download/micromatch-3.1.10.tgz",
      "integrity": "sha1-cIWbyVyYQJUvNZoGij/En57PrCM=",
      "dev": true
    },
    "minimist": {
      "version": "0.0.8",
      "resolved": "http://registry.npm.sdp.nd/minimist/download/minimist-0.0.8.tgz",
      "integrity": "sha1-hX/Kv8M5fSYluCKCYuhqp6ARsF0=",
      "dev": true
    },
    "mixin-deep": {
      "version": "1.3.1",
      "resolved": "http://registry.npm.sdp.nd/mixin-deep/download/mixin-deep-1.3.1.tgz",
      "integrity": "sha1-pJ5yaNzhoNlpjkUybFYm3zVD0P4=",
      "dev": true,
      "dependencies": {
        "is-extendable": {
          "version": "1.0.1",
          "resolved": "http://registry.npm.sdp.nd/is-extendable/download/is-extendable-1.0.1.tgz",
          "integrity": "sha1-p0cPnkJnM9gb2B4RVSZOOjUHyrQ=",
          "dev": true
        }
      }
    },
    "mkdirp": {
      "version": "0.5.1",
      "resolved": "http://registry.npm.sdp.nd/mkdirp/download/mkdirp-0.5.1.tgz",
      "integrity": "sha1-MAV0OOrGz3+MR2fzhkjWaX11yQM=",
      "dev": true
    },
    "ms": {
      "version": "2.0.0",
      "resolved": "http://registry.npm.sdp.nd/ms/download/ms-2.0.0.tgz",
      "integrity": "sha1-VgiurfwAvmwpAd9fmGF4jeDVl8g=",
      "dev": true
    },
    "nanomatch": {
      "version": "1.2.13",
      "resolved": "http://registry.npm.sdp.nd/nanomatch/download/nanomatch-1.2.13.tgz",
      "integrity": "sha1-uHqKpPwN6P5r6IiVs4mD/yZb0Rk=",
      "dev": true
    },
    "next-tick": {
      "version": "1.0.0",
      "resolved": "http://registry.npm.sdp.nd/next-tick/download/next-tick-1.0.0.tgz",
      "integrity": "sha1-yobR/ogoFpsBICCOPchCS524NCw=",
      "dev": true
    },
    "object-copy": {
      "version": "0.1.0",
      "resolved": "http://registry.npm.sdp.nd/object-copy/download/object-copy-0.1.0.tgz",
      "integrity": "sha1-fn2Fi3gb18mRpBupde04EnVOmYw=",
      "dev": true,
      "dependencies": {
        "define-property": {
          "version": "0.2.5",
          "resolved": "http://registry.npm.sdp.nd/define-property/download/define-property-0.2.5.tgz",
          "integrity": "sha1-w1se+RjsPJkPmlvFe+BKrOxcgRY=",
          "dev": true
        },
        "kind-of": {
          "version": "3.2.2",
          "resolved": "http://registry.npm.sdp.nd/kind-of/download/kind-of-3.2.2.tgz",
          "integrity": "sha1-MeohpzS6ubuw8yRm2JOupR5KPGQ=",
          "dev": true
        }
      }
    },
    "object-keys": {
      "version": "1.0.12",
      "resolved": "http://registry.npm.sdp.nd/object-keys/download/object-keys-1.0.12.tgz",
      "integrity": "sha1-CcU4VTd1dTEMymL1W7M0q/97PtI=",
      "dev": true
    },
    "object-visit": {
      "version": "1.0.1",
      "resolved": "http://registry.npm.sdp.nd/object-visit/download/object-visit-1.0.1.tgz",
      "integrity": "sha1-95xEk68MU3e1n+OdOV5BBC3QRbs=",
      "dev": true
    },
    "object.assign": {
      "version": "4.1.0",
      "resolved": "http://registry.npm.sdp.nd/object.assign/download/object.assign-4.1.0.tgz",
      "integrity": "sha1-lovxEA15Vrs8oIbwBvhGs7xACNo=",
      "dev": true
    },
    "object.pick": {
      "version": "1.3.0",
      "resolved": "http://registry.npm.sdp.nd/object.pick/download/object.pick-1.3.0.tgz",
      "integrity": "sha1-h6EKxMFpS9Lhy/U1kaZhQftd10c=",
      "dev": true
    },
    "pascalcase": {
      "version": "0.1.1",
      "resolved": "http://registry.npm.sdp.nd/pascalcase/download/pascalcase-0.1.1.tgz",
      "integrity": "sha1-s2PlXoAGym/iF4TS2yK9FdeRfxQ=",
      "dev": true
    },
    "posix-character-classes": {
      "version": "0.1.1",
      "resolved": "http://registry.npm.sdp.nd/posix-character-classes/download/posix-character-classes-0.1.1.tgz",
      "integrity": "sha1-AerA/jta9xoqbAL+q7jB/vfgDqs=",
      "dev": true
    },
    "process-nextick-args": {
      "version": "2.0.0",
      "resolved": "http://registry.npm.sdp.nd/process-nextick-args/download/process-nextick-args-2.0.0.tgz",
      "integrity": "sha1-o31zL0JxtKsa0HDTVQjoKQeI/6o=",
      "dev": true
    },
    "prr": {
      "version": "1.0.1",
      "resolved": "http://registry.npm.sdp.nd/prr/download/prr-1.0.1.tgz",
      "integrity": "sha1-0/wRS6BplaRexok/SEzrHXj19HY=",
      "dev": true
    },
    "readable-stream": {
      "version": "2.3.6",
      "resolved": "http://registry.npm.sdp.nd/readable-stream/download/readable-stream-2.3.6.tgz",
      "integrity": "sha1-sRwn2IuP8fvgcGQ8+UsMea4bCq8=",
      "dev": true
    },
    "regex-not": {
      "version": "1.0.2",
      "resolved": "http://registry.npm.sdp.nd/regex-not/download/regex-not-1.0.2.tgz",
      "integrity": "sha1-H07OJ+ALC2XgJHpoEOaoXYOldSw=",
      "dev": true
    },
    "repeat-element": {
      "version": "1.1.3",
      "resolved": "http://registry.npm.sdp.nd/repeat-element/download/repeat-element-1.1.3.tgz",
      "integrity": "sha1-eC4NglwMWjuzlzH4Tv7mt0Lmsc4=",
      "dev": true
    },
    "repeat-string": {
      "version": "1.6.1",
      "resolved": "http://registry.npm.sdp.nd/repeat-string/download/repeat-string-1.6.1.tgz",
      "integrity": "sha1-jcrkcOHIirwtYA//Sndihtp15jc=",
      "dev": true
    },
    "resolve-url": {
      "version": "0.2.1",
      "resolved": "http://registry.npm.sdp.nd/resolve-url/download/resolve-url-0.2.1.tgz",
      "integrity": "sha1-LGN/53yJOv0qZj/iGqkIAGjiBSo=",
      "dev": true
    },
    "ret": {
      "version": "0.1.15",
      "resolved": "http://registry.npm.sdp.nd/ret/download/ret-0.1.15.tgz",
      "integrity": "sha1-uKSCXVvbH8P29Twrwz+BOIaBx7w=",
      "dev": true
    },
    "safe-buffer": {
      "version": "5.1.2",
      "resolved": "http://registry.npm.sdp.nd/safe-buffer/download/safe-buffer-5.1.2.tgz",
      "integrity": "sha1-mR7GnSluAxN0fVm9/St0XDX4go0=",
      "dev": true
    },
    "safe-regex": {
      "version": "1.1.0",
      "resolved": "http://registry.npm.sdp.nd/safe-regex/download/safe-regex-1.1.0.tgz",
      "integrity": "sha1-QKNmnzsHfR6UPURinhV91IAjvy4=",
      "dev": true
    },
    "set-value": {
      "version": "2.0.0",
      "resolved": "http://registry.npm.sdp.nd/set-value/download/set-value-2.0.0.tgz",
      "integrity": "sha1-ca5KiPD+77v1LR6mBPP7MV67YnQ=",
      "dev": true,
      "dependencies": {
        "extend-shallow": {
          "version": "2.0.1",
          "resolved": "http://registry.npm.sdp.nd/extend-shallow/download/extend-shallow-2.0.1.tgz",
          "integrity": "sha1-Ua99YUrZqfYQ6huvu5idaxxWiQ8=",
          "dev": true
        }
      }
    },
    "snapdragon": {
      "version": "0.8.2",
      "resolved": "http://registry.npm.sdp.nd/snapdragon/download/snapdragon-0.8.2.tgz",
      "integrity": "sha1-ZJIufFZbDhQgS6GqfWlkJ40lGC0=",
      "dev": true,
      "dependencies": {
        "define-property": {
          "version": "0.2.5",
          "resolved": "http://registry.npm.sdp.nd/define-property/download/define-property-0.2.5.tgz",
          "integrity": "sha1-w1se+RjsPJkPmlvFe+BKrOxcgRY=",
          "dev": true
        },
        "extend-shallow": {
          "version": "2.0.1",
          "resolved": "http://registry.npm.sdp.nd/extend-shallow/download/extend-shallow-2.0.1.tgz",
          "integrity": "sha1-Ua99YUrZqfYQ6huvu5idaxxWiQ8=",
          "dev": true
        }
      }
    },
    "snapdragon-node": {
      "version": "2.1.1",
      "resolved": "http://registry.npm.sdp.nd/snapdragon-node/download/snapdragon-node-2.1.1.tgz",
      "integrity": "sha1-bBdfhv8UvbByRWPo88GwIaKGhTs=",
      "dev": true,
      "dependencies": {
        "define-property": {
          "version": "1.0.0",
          "resolved": "http://registry.npm.sdp.nd/define-property/download/define-property-1.0.0.tgz",
          "integrity": "sha1-dp66rz9KY6rTr56NMEybvnm/sOY=",
          "dev": true
        },
        "is-accessor-descriptor": {
          "version": "1.0.0",
          "resolved": "http://registry.npm.sdp.nd/is-accessor-descriptor/download/is-accessor-descriptor-1.0.0.tgz",
          "integrity": "sha1-FpwvbT3x+ZJhgHI2XJsOofaHhlY=",
          "dev": true
        },
        "is-data-descriptor": {
          "version": "1.0.0",
          "resolved": "http://registry.npm.sdp.nd/is-data-descriptor/download/is-data-descriptor-1.0.0.tgz",
          "integrity": "sha1-2Eh2Mh0Oet0DmQQGq7u9NrqSaMc=",
          "dev": true
        },
        "is-descriptor": {
          "version": "1.0.2",
          "resolved": "http://registry.npm.sdp.nd/is-descriptor/download/is-descriptor-1.0.2.tgz",
          "integrity": "sha1-OxWXRqZmBLBPjIFSS6NlxfFNhuw=",
          "dev": true
        }
      }
    },
    "snapdragon-util": {
      "version": "3.0.1",
      "resolved": "http://registry.npm.sdp.nd/snapdragon-util/download/snapdragon-util-3.0.1.tgz",
      "integrity": "sha1-+VZHlIbyrNeXAGk/b3uAXkWrVuI=",
      "dev": true,
      "dependencies": {
        "kind-of": {
          "version": "3.2.2",
          "resolved": "http://registry.npm.sdp.nd/kind-of/download/kind-of-3.2.2.tgz",
          "integrity": "sha1-MeohpzS6ubuw8yRm2JOupR5KPGQ=",
          "dev": true
        }
      }
    },
    "source-map": {
      "version": "0.5.7",
      "resolved": "http://registry.npm.sdp.nd/source-map/download/source-map-0.5.7.tgz",
      "integrity": "sha1-igOdLRAh0i0eoUyA2OpGi6LvP8w=",
      "dev": true
    },
    "source-map-resolve": {
      "version": "0.5.2",
      "resolved": "http://registry.npm.sdp.nd/source-map-resolve/download/source-map-resolve-0.5.2.tgz",
      "integrity": "sha1-cuLMNAlVQ+Q7LGKyxMENSpBU8lk=",
      "dev": true
    },
    "source-map-support": {
      "version": "0.5.9",
      "resolved": "http://registry.npm.sdp.nd/source-map-support/download/source-map-support-0.5.9.tgz",
      "integrity": "sha1-QbyVOyU0Jn6i1gW8z6e/oxEc7V8=",
      "dev": true,
      "dependencies": {
        "source-map": {
          "version": "0.6.1",
          "resolved": "http://registry.npm.sdp.nd/source-map/download/source-map-0.6.1.tgz",
          "integrity": "sha1-dHIq8y6WFOnCh6jQu95IteLxomM=",
          "dev": true
        }
      }
    },
    "source-map-url": {
      "version": "0.4.0",
      "resolved": "http://registry.npm.sdp.nd/source-map-url/download/source-map-url-0.4.0.tgz",
      "integrity": "sha1-PpNdfd1zYxuXZZlW1VEo6HtQhKM=",
      "dev": true
    },
    "split-string": {
      "version": "3.1.0",
      "resolved": "http://registry.npm.sdp.nd/split-string/download/split-string-3.1.0.tgz",
      "integrity": "sha1-fLCd2jqGWFcFxks5pkZgOGguj+I=",
      "dev": true
    },
    "static-extend": {
      "version": "0.1.2",
      "resolved": "http://registry.npm.sdp.nd/static-extend/download/static-extend-0.1.2.tgz",
      "integrity": "sha1-YICcOcv/VTNyJv1eC1IPNB8ftcY=",
      "dev": true,
      "dependencies": {
        "define-property": {
          "version": "0.2.5",
          "resolved": "http://registry.npm.sdp.nd/define-property/download/define-property-0.2.5.tgz",
          "integrity": "sha1-w1se+RjsPJkPmlvFe+BKrOxcgRY=",
          "dev": true
        }
      }
    },
    "string_decoder": {
      "version": "1.1.1",
      "resolved": "http://registry.npm.sdp.nd/string_decoder/download/string_decoder-1.1.1.tgz",
      "integrity": "sha1-nPFhG6YmhdcDCunkujQUnDrwP8g=",
      "dev": true
    },
    "supports-color": {
      "version": "5.5.0",
      "resolved": "http://registry.npm.sdp.nd/supports-color/download/supports-color-5.5.0.tgz",
      "integrity": "sha1-4uaaRKyHcveKHsCzW2id9lMO/I8=",
      "dev": true
    },
    "tapable": {
      "version": "1.1.0",
      "resolved": "http://registry.npm.sdp.nd/tapable/download/tapable-1.1.0.tgz",
      "integrity": "sha1-DQdqFy49m6CI/SJysmaPuNGUt4w=",
      "dev": true
    },
    "to-object-path": {
      "version": "0.3.0",
      "resolved": "http://registry.npm.sdp.nd/to-object-path/download/to-object-path-0.3.0.tgz",
      "integrity": "sha1-KXWIt7Dn4KwI4E5nL4XB9JmeF68=",
      "dev": true,
      "dependencies": {
        "kind-of": {
          "version": "3.2.2",
          "resolved": "http://registry.npm.sdp.nd/kind-of/download/kind-of-3.2.2.tgz",
          "integrity": "sha1-MeohpzS6ubuw8yRm2JOupR5KPGQ=",
          "dev": true
        }
      }
    },
    "to-regex": {
      "version": "3.0.2",
      "resolved": "http://registry.npm.sdp.nd/to-regex/download/to-regex-3.0.2.tgz",
      "integrity": "sha1-E8/dmzNlUvMLUfM6iuG0Knp1mc4=",
      "dev": true
    },
    "to-regex-range": {
      "version": "2.1.1",
      "resolved": "http://registry.npm.sdp.nd/to-regex-range/download/to-regex-range-2.1.1.tgz",
      "integrity": "sha1-fIDBe53+vlmeJzZ+DU3VWQFB2zg=",
      "dev": true
    },
    "typescript": {
      "version": "3.1.3",
      "resolved": "http://registry.npm.sdp.nd/typescript/download/typescript-3.1.3.tgz",
      "integrity": "sha1-AbcCR6bTwkZ/cMRXle9eoYzhkdU="
    },
    "union-value": {
      "version": "1.0.0",
      "resolved": "http://registry.npm.sdp.nd/union-value/download/union-value-1.0.0.tgz",
      "integrity": "sha1-XHHDTLW61dzr4+oM0IIHulqhrqQ=",
      "dev": true,
      "dependencies": {
        "extend-shallow": {
          "version": "2.0.1",
          "resolved": "http://registry.npm.sdp.nd/extend-shallow/download/extend-shallow-2.0.1.tgz",
          "integrity": "sha1-Ua99YUrZqfYQ6huvu5idaxxWiQ8=",
          "dev": true
        },
        "set-value": {
          "version": "0.4.3",
          "resolved": "http://registry.npm.sdp.nd/set-value/download/set-value-0.4.3.tgz",
          "integrity": "sha1-fbCPnT0i3H945Trzw79GZuzfzPE=",
          "dev": true
        }
      }
    },
    "unset-value": {
      "version": "1.0.0",
      "resolved": "http://registry.npm.sdp.nd/unset-value/download/unset-value-1.0.0.tgz",
      "integrity": "sha1-g3aHP30jNRef+x5vw6jtDfyKtVk=",
      "dev": true,
      "dependencies": {
        "has-value": {
          "version": "0.3.1",
          "resolved": "http://registry.npm.sdp.nd/has-value/download/has-value-0.3.1.tgz",
          "integrity": "sha1-ex9YutpiyoJ+wKIHgCVlSEWZXh8=",
          "dev": true,
          "dependencies": {
            "isobject": {
              "version": "2.1.0",
              "resolved": "http://registry.npm.sdp.nd/isobject/download/isobject-2.1.0.tgz",
              "integrity": "sha1-8GVWEJaj8dou9GJy+BXIQNh+DIk=",
              "dev": true
            }
          }
        },
        "has-values": {
          "version": "0.1.4",
          "resolved": "http://registry.npm.sdp.nd/has-values/download/has-values-0.1.4.tgz",
          "integrity": "sha1-bWHeldkd/Km5oCCJrThL/49it3E=",
          "dev": true
        }
      }
    },
    "urix": {
      "version": "0.1.0",
      "resolved": "http://registry.npm.sdp.nd/urix/download/urix-0.1.0.tgz",
      "integrity": "sha1-2pN/emLiH+wf0Y1Js1wpNQZ6bHI=",
      "dev": true
    },
    "use": {
      "version": "3.1.1",
      "resolved": "http://registry.npm.sdp.nd/use/download/use-3.1.1.tgz",
      "integrity": "sha1-1QyMrHmhn7wg8pEfVuuXP04QBw8=",
      "dev": true
    },
    "util-deprecate": {
      "version": "1.0.2",
      "resolved": "http://registry.npm.sdp.nd/util-deprecate/download/util-deprecate-1.0.2.tgz",
      "integrity": "sha1-RQ1Nyfpw3nMnYvvS1KKJgUGaDM8=",
      "dev": true
    },
    "uuid": {
      "version": "3.3.2",
      "resolved": "http://registry.npm.sdp.nd/uuid/download/uuid-3.3.2.tgz",
      "integrity": "sha1-G0r0lV6zB3xQHCOHL8ZROBFYcTE=",
      "dev": true
    },
    "webpack-log": {
      "version": "1.2.0",
      "resolved": "http://registry.npm.sdp.nd/webpack-log/download/webpack-log-1.2.0.tgz",
      "integrity": "sha1-pLNM2msitRjbsKsy5WeWLVxypD0=",
      "dev": true
    }
  }
}
